// !$*UTF8*$!
{
	archiveVersion = 1;
	classes = {
	};
	objectVersion = 51;
	objects = {

/* Begin PBXBuildFile section */
		8347279A8B55C52826B110E3 /* Pods_FlickrFindrTests.framework in Frameworks */ = {isa = PBXBuildFile; fileRef = 9C64C96035E62B31F04F67A5 /* Pods_FlickrFindrTests.framework */; };
		9690D88F23D36A3D007639B3 /* ThumbnailCell.swift in Sources */ = {isa = PBXBuildFile; fileRef = 9690D88D23D36A3D007639B3 /* ThumbnailCell.swift */; };
		9690D89223D37EFF007639B3 /* ThumbnailCell.xib in Resources */ = {isa = PBXBuildFile; fileRef = 9690D89123D37EFF007639B3 /* ThumbnailCell.xib */; };
		9690D89623D3A5EC007639B3 /* FullScreenImageViewController.swift in Sources */ = {isa = PBXBuildFile; fileRef = 9690D89423D3A5EC007639B3 /* FullScreenImageViewController.swift */; };
		9690D89723D3A5EC007639B3 /* FullScreenImageViewController.xib in Resources */ = {isa = PBXBuildFile; fileRef = 9690D89523D3A5EC007639B3 /* FullScreenImageViewController.xib */; };
		9690D89923D3B50A007639B3 /* UIImageView+ImageLoading.swift in Sources */ = {isa = PBXBuildFile; fileRef = 9690D89823D3B50A007639B3 /* UIImageView+ImageLoading.swift */; };
		9699AA9C23D279BA004FA1C1 /* AppDelegate.swift in Sources */ = {isa = PBXBuildFile; fileRef = 9699AA9B23D279BA004FA1C1 /* AppDelegate.swift */; };
		9699AAA823D279BB004FA1C1 /* Assets.xcassets in Resources */ = {isa = PBXBuildFile; fileRef = 9699AAA723D279BB004FA1C1 /* Assets.xcassets */; };
		9699AAAB23D279BB004FA1C1 /* LaunchScreen.storyboard in Resources */ = {isa = PBXBuildFile; fileRef = 9699AAA923D279BB004FA1C1 /* LaunchScreen.storyboard */; };
		9699AAC423D28227004FA1C1 /* HomeViewController.swift in Sources */ = {isa = PBXBuildFile; fileRef = 9699AAC223D28227004FA1C1 /* HomeViewController.swift */; };
		9699AAC523D28227004FA1C1 /* HomeViewController.xib in Resources */ = {isa = PBXBuildFile; fileRef = 9699AAC323D28227004FA1C1 /* HomeViewController.xib */; };
		9699AACA23D28491004FA1C1 /* WebService.swift in Sources */ = {isa = PBXBuildFile; fileRef = 9699AAC923D28491004FA1C1 /* WebService.swift */; };
		9699AACC23D294F4004FA1C1 /* Photo.swift in Sources */ = {isa = PBXBuildFile; fileRef = 9699AACB23D294F4004FA1C1 /* Photo.swift */; };
		9699AACE23D29723004FA1C1 /* WebService+Photos.swift in Sources */ = {isa = PBXBuildFile; fileRef = 9699AACD23D29722004FA1C1 /* WebService+Photos.swift */; };
		9699AAD123D29799004FA1C1 /* Constants.swift in Sources */ = {isa = PBXBuildFile; fileRef = 9699AAD023D29799004FA1C1 /* Constants.swift */; };
		96AD1E0623D6102700D61B76 /* UIViewController+ViewLifecycle.swift in Sources */ = {isa = PBXBuildFile; fileRef = 96AD1E0523D6102700D61B76 /* UIViewController+ViewLifecycle.swift */; };
		96AD1E0823D6121B00D61B76 /* FullScreenImageTests.swift in Sources */ = {isa = PBXBuildFile; fileRef = 96AD1E0723D6121B00D61B76 /* FullScreenImageTests.swift */; };
		96AD1E0A23D618AA00D61B76 /* ModelFactory.swift in Sources */ = {isa = PBXBuildFile; fileRef = 96AD1E0923D618AA00D61B76 /* ModelFactory.swift */; };
		96AD1E1323D627E600D61B76 /* cat.jpg in Resources */ = {isa = PBXBuildFile; fileRef = 96AD1E1223D627E600D61B76 /* cat.jpg */; };
		96AD1E1523D6290D00D61B76 /* PhotoTests.swift in Sources */ = {isa = PBXBuildFile; fileRef = 96AD1E1423D6290D00D61B76 /* PhotoTests.swift */; };
		96AD1E1723D629F600D61B76 /* PhotoPageTests.swift in Sources */ = {isa = PBXBuildFile; fileRef = 96AD1E1623D629F600D61B76 /* PhotoPageTests.swift */; };
		96BEF51323D4C83600E1D075 /* UISearchBar+Convenience.swift in Sources */ = {isa = PBXBuildFile; fileRef = 96BEF51223D4C83600E1D075 /* UISearchBar+Convenience.swift */; };
		96BEF51723D4C9D800E1D075 /* RecentSearchesViewController.swift in Sources */ = {isa = PBXBuildFile; fileRef = 96BEF51523D4C9D800E1D075 /* RecentSearchesViewController.swift */; };
		96BEF51823D4C9D800E1D075 /* RecentSearchesViewController.xib in Resources */ = {isa = PBXBuildFile; fileRef = 96BEF51623D4C9D800E1D075 /* RecentSearchesViewController.xib */; };
		96BEF51A23D4EF8C00E1D075 /* UserDefaultsManager.swift in Sources */ = {isa = PBXBuildFile; fileRef = 96BEF51923D4EF8C00E1D075 /* UserDefaultsManager.swift */; };
		96BEF52023D53CF000E1D075 /* SpinnerView.swift in Sources */ = {isa = PBXBuildFile; fileRef = 96BEF51F23D53CF000E1D075 /* SpinnerView.swift */; };
		96BEF52223D53E4E00E1D075 /* UIView+Convenience.swift in Sources */ = {isa = PBXBuildFile; fileRef = 96BEF52123D53E4E00E1D075 /* UIView+Convenience.swift */; };
		96BEF52423D542FA00E1D075 /* PinnableView.swift in Sources */ = {isa = PBXBuildFile; fileRef = 96BEF52323D542FA00E1D075 /* PinnableView.swift */; };
		96BEF52923D54C0E00E1D075 /* SpinnerShowable.swift in Sources */ = {isa = PBXBuildFile; fileRef = 96BEF52823D54C0E00E1D075 /* SpinnerShowable.swift */; };
		96BEF52C23D566A100E1D075 /* UserDefaultsManagerTests.swift in Sources */ = {isa = PBXBuildFile; fileRef = 96BEF52B23D566A100E1D075 /* UserDefaultsManagerTests.swift */; };
		96BEF52E23D5696000E1D075 /* PhotosResponse.swift in Sources */ = {isa = PBXBuildFile; fileRef = 96BEF52D23D5696000E1D075 /* PhotosResponse.swift */; };
		96BEF53023D5697800E1D075 /* PhotoPage.swift in Sources */ = {isa = PBXBuildFile; fileRef = 96BEF52F23D5697800E1D075 /* PhotoPage.swift */; };
		96BEF53223D56AE000E1D075 /* NetworkMocker.swift in Sources */ = {isa = PBXBuildFile; fileRef = 96BEF53123D56AE000E1D075 /* NetworkMocker.swift */; };
		96BEF53623D56B5400E1D075 /* BaseTestCase.swift in Sources */ = {isa = PBXBuildFile; fileRef = 96BEF53523D56B5300E1D075 /* BaseTestCase.swift */; };
		96BEF53823D56C0200E1D075 /* RequestSignature.swift in Sources */ = {isa = PBXBuildFile; fileRef = 96BEF53723D56C0200E1D075 /* RequestSignature.swift */; };
		96BEF53A23D56C9C00E1D075 /* NetworkMocker+Photos.swift in Sources */ = {isa = PBXBuildFile; fileRef = 96BEF53923D56C9C00E1D075 /* NetworkMocker+Photos.swift */; };
		96BEF53D23D56D8500E1D075 /* recent_uploads_page1_success.json in Resources */ = {isa = PBXBuildFile; fileRef = 96BEF53C23D56D8500E1D075 /* recent_uploads_page1_success.json */; };
		96BEF53F23D56E2800E1D075 /* recent_uploads_page2_success.json in Resources */ = {isa = PBXBuildFile; fileRef = 96BEF53E23D56E2800E1D075 /* recent_uploads_page2_success.json */; };
		96BEF54123D56F4500E1D075 /* HomeViewControllerTests.swift in Sources */ = {isa = PBXBuildFile; fileRef = 96BEF54023D56F4500E1D075 /* HomeViewControllerTests.swift */; };
		96BEF54323D573FB00E1D075 /* search_success.json in Resources */ = {isa = PBXBuildFile; fileRef = 96BEF54223D573FB00E1D075 /* search_success.json */; };
		96BEF54523D57CB700E1D075 /* RecentSearchesViewControllerTests.swift in Sources */ = {isa = PBXBuildFile; fileRef = 96BEF54423D57CB700E1D075 /* RecentSearchesViewControllerTests.swift */; };
		96BEF54723D57DDD00E1D075 /* no_results.json in Resources */ = {isa = PBXBuildFile; fileRef = 96BEF54623D57DDD00E1D075 /* no_results.json */; };
		96BEF54A23D5819E00E1D075 /* XCTest+Wait.swift in Sources */ = {isa = PBXBuildFile; fileRef = 96BEF54923D5819E00E1D075 /* XCTest+Wait.swift */; };
		A578F71726043CD6DF9A2DBD /* Pods_FlickrFindr.framework in Frameworks */ = {isa = PBXBuildFile; fileRef = AB8AF0F945A2FF110382DD5B /* Pods_FlickrFindr.framework */; };
/* End PBXBuildFile section */

/* Begin PBXContainerItemProxy section */
		9699AAB223D279BB004FA1C1 /* PBXContainerItemProxy */ = {
			isa = PBXContainerItemProxy;
			containerPortal = 9699AA9023D279BA004FA1C1 /* Project object */;
			proxyType = 1;
			remoteGlobalIDString = 9699AA9723D279BA004FA1C1;
			remoteInfo = FlickrFindr;
		};
/* End PBXContainerItemProxy section */

/* Begin PBXFileReference section */
		23E8975496CA1EEED6B9AE19 /* Pods-FlickrFindrTests.debug.xcconfig */ = {isa = PBXFileReference; includeInIndex = 1; lastKnownFileType = text.xcconfig; name = "Pods-FlickrFindrTests.debug.xcconfig"; path = "Target Support Files/Pods-FlickrFindrTests/Pods-FlickrFindrTests.debug.xcconfig"; sourceTree = "<group>"; };
		76F9E42B5949D3382ACB3CBA /* Pods-FlickrFindr.debug.xcconfig */ = {isa = PBXFileReference; includeInIndex = 1; lastKnownFileType = text.xcconfig; name = "Pods-FlickrFindr.debug.xcconfig"; path = "Target Support Files/Pods-FlickrFindr/Pods-FlickrFindr.debug.xcconfig"; sourceTree = "<group>"; };
		9690D88D23D36A3D007639B3 /* ThumbnailCell.swift */ = {isa = PBXFileReference; lastKnownFileType = sourcecode.swift; path = ThumbnailCell.swift; sourceTree = "<group>"; };
		9690D89123D37EFF007639B3 /* ThumbnailCell.xib */ = {isa = PBXFileReference; lastKnownFileType = file.xib; path = ThumbnailCell.xib; sourceTree = "<group>"; };
		9690D89423D3A5EC007639B3 /* FullScreenImageViewController.swift */ = {isa = PBXFileReference; lastKnownFileType = sourcecode.swift; path = FullScreenImageViewController.swift; sourceTree = "<group>"; };
		9690D89523D3A5EC007639B3 /* FullScreenImageViewController.xib */ = {isa = PBXFileReference; lastKnownFileType = file.xib; path = FullScreenImageViewController.xib; sourceTree = "<group>"; };
		9690D89823D3B50A007639B3 /* UIImageView+ImageLoading.swift */ = {isa = PBXFileReference; lastKnownFileType = sourcecode.swift; path = "UIImageView+ImageLoading.swift"; sourceTree = "<group>"; };
		9699AA9823D279BA004FA1C1 /* FlickrFindr.app */ = {isa = PBXFileReference; explicitFileType = wrapper.application; includeInIndex = 0; path = FlickrFindr.app; sourceTree = BUILT_PRODUCTS_DIR; };
		9699AA9B23D279BA004FA1C1 /* AppDelegate.swift */ = {isa = PBXFileReference; lastKnownFileType = sourcecode.swift; path = AppDelegate.swift; sourceTree = "<group>"; };
		9699AAA723D279BB004FA1C1 /* Assets.xcassets */ = {isa = PBXFileReference; lastKnownFileType = folder.assetcatalog; path = Assets.xcassets; sourceTree = "<group>"; };
		9699AAAA23D279BB004FA1C1 /* Base */ = {isa = PBXFileReference; lastKnownFileType = file.storyboard; name = Base; path = Base.lproj/LaunchScreen.storyboard; sourceTree = "<group>"; };
		9699AAAC23D279BB004FA1C1 /* Info.plist */ = {isa = PBXFileReference; lastKnownFileType = text.plist.xml; path = Info.plist; sourceTree = "<group>"; };
		9699AAB123D279BB004FA1C1 /* FlickrFindrTests.xctest */ = {isa = PBXFileReference; explicitFileType = wrapper.cfbundle; includeInIndex = 0; path = FlickrFindrTests.xctest; sourceTree = BUILT_PRODUCTS_DIR; };
		9699AAB723D279BB004FA1C1 /* Info.plist */ = {isa = PBXFileReference; lastKnownFileType = text.plist.xml; path = Info.plist; sourceTree = "<group>"; };
		9699AAC223D28227004FA1C1 /* HomeViewController.swift */ = {isa = PBXFileReference; lastKnownFileType = sourcecode.swift; path = HomeViewController.swift; sourceTree = "<group>"; };
		9699AAC323D28227004FA1C1 /* HomeViewController.xib */ = {isa = PBXFileReference; lastKnownFileType = file.xib; path = HomeViewController.xib; sourceTree = "<group>"; };
		9699AAC923D28491004FA1C1 /* WebService.swift */ = {isa = PBXFileReference; lastKnownFileType = sourcecode.swift; path = WebService.swift; sourceTree = "<group>"; };
		9699AACB23D294F4004FA1C1 /* Photo.swift */ = {isa = PBXFileReference; lastKnownFileType = sourcecode.swift; path = Photo.swift; sourceTree = "<group>"; };
		9699AACD23D29722004FA1C1 /* WebService+Photos.swift */ = {isa = PBXFileReference; lastKnownFileType = sourcecode.swift; path = "WebService+Photos.swift"; sourceTree = "<group>"; };
		9699AAD023D29799004FA1C1 /* Constants.swift */ = {isa = PBXFileReference; lastKnownFileType = sourcecode.swift; path = Constants.swift; sourceTree = "<group>"; };
		96AD1E0523D6102700D61B76 /* UIViewController+ViewLifecycle.swift */ = {isa = PBXFileReference; lastKnownFileType = sourcecode.swift; path = "UIViewController+ViewLifecycle.swift"; sourceTree = "<group>"; };
		96AD1E0723D6121B00D61B76 /* FullScreenImageTests.swift */ = {isa = PBXFileReference; lastKnownFileType = sourcecode.swift; path = FullScreenImageTests.swift; sourceTree = "<group>"; };
		96AD1E0923D618AA00D61B76 /* ModelFactory.swift */ = {isa = PBXFileReference; lastKnownFileType = sourcecode.swift; path = ModelFactory.swift; sourceTree = "<group>"; };
		96AD1E1223D627E600D61B76 /* cat.jpg */ = {isa = PBXFileReference; lastKnownFileType = image.jpeg; path = cat.jpg; sourceTree = "<group>"; };
		96AD1E1423D6290D00D61B76 /* PhotoTests.swift */ = {isa = PBXFileReference; lastKnownFileType = sourcecode.swift; path = PhotoTests.swift; sourceTree = "<group>"; };
		96AD1E1623D629F600D61B76 /* PhotoPageTests.swift */ = {isa = PBXFileReference; lastKnownFileType = sourcecode.swift; path = PhotoPageTests.swift; sourceTree = "<group>"; };
		96BEF51223D4C83600E1D075 /* UISearchBar+Convenience.swift */ = {isa = PBXFileReference; lastKnownFileType = sourcecode.swift; path = "UISearchBar+Convenience.swift"; sourceTree = "<group>"; };
		96BEF51523D4C9D800E1D075 /* RecentSearchesViewController.swift */ = {isa = PBXFileReference; lastKnownFileType = sourcecode.swift; path = RecentSearchesViewController.swift; sourceTree = "<group>"; };
		96BEF51623D4C9D800E1D075 /* RecentSearchesViewController.xib */ = {isa = PBXFileReference; lastKnownFileType = file.xib; path = RecentSearchesViewController.xib; sourceTree = "<group>"; };
		96BEF51923D4EF8C00E1D075 /* UserDefaultsManager.swift */ = {isa = PBXFileReference; lastKnownFileType = sourcecode.swift; path = UserDefaultsManager.swift; sourceTree = "<group>"; };
		96BEF51F23D53CF000E1D075 /* SpinnerView.swift */ = {isa = PBXFileReference; lastKnownFileType = sourcecode.swift; path = SpinnerView.swift; sourceTree = "<group>"; };
		96BEF52123D53E4E00E1D075 /* UIView+Convenience.swift */ = {isa = PBXFileReference; lastKnownFileType = sourcecode.swift; path = "UIView+Convenience.swift"; sourceTree = "<group>"; };
		96BEF52323D542FA00E1D075 /* PinnableView.swift */ = {isa = PBXFileReference; lastKnownFileType = sourcecode.swift; path = PinnableView.swift; sourceTree = "<group>"; };
		96BEF52823D54C0E00E1D075 /* SpinnerShowable.swift */ = {isa = PBXFileReference; lastKnownFileType = sourcecode.swift; path = SpinnerShowable.swift; sourceTree = "<group>"; };
		96BEF52A23D566A100E1D075 /* FlickrFindrTests-Bridging-Header.h */ = {isa = PBXFileReference; lastKnownFileType = sourcecode.c.h; path = "FlickrFindrTests-Bridging-Header.h"; sourceTree = "<group>"; };
		96BEF52B23D566A100E1D075 /* UserDefaultsManagerTests.swift */ = {isa = PBXFileReference; lastKnownFileType = sourcecode.swift; path = UserDefaultsManagerTests.swift; sourceTree = "<group>"; };
		96BEF52D23D5696000E1D075 /* PhotosResponse.swift */ = {isa = PBXFileReference; lastKnownFileType = sourcecode.swift; path = PhotosResponse.swift; sourceTree = "<group>"; };
		96BEF52F23D5697800E1D075 /* PhotoPage.swift */ = {isa = PBXFileReference; lastKnownFileType = sourcecode.swift; path = PhotoPage.swift; sourceTree = "<group>"; };
		96BEF53123D56AE000E1D075 /* NetworkMocker.swift */ = {isa = PBXFileReference; lastKnownFileType = sourcecode.swift; path = NetworkMocker.swift; sourceTree = "<group>"; };
		96BEF53523D56B5300E1D075 /* BaseTestCase.swift */ = {isa = PBXFileReference; lastKnownFileType = sourcecode.swift; path = BaseTestCase.swift; sourceTree = "<group>"; };
		96BEF53723D56C0200E1D075 /* RequestSignature.swift */ = {isa = PBXFileReference; lastKnownFileType = sourcecode.swift; path = RequestSignature.swift; sourceTree = "<group>"; };
		96BEF53923D56C9C00E1D075 /* NetworkMocker+Photos.swift */ = {isa = PBXFileReference; lastKnownFileType = sourcecode.swift; path = "NetworkMocker+Photos.swift"; sourceTree = "<group>"; };
		96BEF53C23D56D8500E1D075 /* recent_uploads_page1_success.json */ = {isa = PBXFileReference; lastKnownFileType = text.json; path = recent_uploads_page1_success.json; sourceTree = "<group>"; };
		96BEF53E23D56E2800E1D075 /* recent_uploads_page2_success.json */ = {isa = PBXFileReference; lastKnownFileType = text.json; path = recent_uploads_page2_success.json; sourceTree = "<group>"; };
		96BEF54023D56F4500E1D075 /* HomeViewControllerTests.swift */ = {isa = PBXFileReference; lastKnownFileType = sourcecode.swift; path = HomeViewControllerTests.swift; sourceTree = "<group>"; };
		96BEF54223D573FB00E1D075 /* search_success.json */ = {isa = PBXFileReference; lastKnownFileType = text.json; path = search_success.json; sourceTree = "<group>"; };
		96BEF54423D57CB700E1D075 /* RecentSearchesViewControllerTests.swift */ = {isa = PBXFileReference; lastKnownFileType = sourcecode.swift; path = RecentSearchesViewControllerTests.swift; sourceTree = "<group>"; };
		96BEF54623D57DDD00E1D075 /* no_results.json */ = {isa = PBXFileReference; lastKnownFileType = text.json; path = no_results.json; sourceTree = "<group>"; };
		96BEF54923D5819E00E1D075 /* XCTest+Wait.swift */ = {isa = PBXFileReference; lastKnownFileType = sourcecode.swift; path = "XCTest+Wait.swift"; sourceTree = "<group>"; };
		9C64C96035E62B31F04F67A5 /* Pods_FlickrFindrTests.framework */ = {isa = PBXFileReference; explicitFileType = wrapper.framework; includeInIndex = 0; path = Pods_FlickrFindrTests.framework; sourceTree = BUILT_PRODUCTS_DIR; };
		A8DED819ECE3267C2F82AD98 /* Pods-FlickrFindrTests.release.xcconfig */ = {isa = PBXFileReference; includeInIndex = 1; lastKnownFileType = text.xcconfig; name = "Pods-FlickrFindrTests.release.xcconfig"; path = "Target Support Files/Pods-FlickrFindrTests/Pods-FlickrFindrTests.release.xcconfig"; sourceTree = "<group>"; };
		AB8AF0F945A2FF110382DD5B /* Pods_FlickrFindr.framework */ = {isa = PBXFileReference; explicitFileType = wrapper.framework; includeInIndex = 0; path = Pods_FlickrFindr.framework; sourceTree = BUILT_PRODUCTS_DIR; };
		F3E0F34B2B38D059EDB51488 /* Pods-FlickrFindr.release.xcconfig */ = {isa = PBXFileReference; includeInIndex = 1; lastKnownFileType = text.xcconfig; name = "Pods-FlickrFindr.release.xcconfig"; path = "Target Support Files/Pods-FlickrFindr/Pods-FlickrFindr.release.xcconfig"; sourceTree = "<group>"; };
/* End PBXFileReference section */

/* Begin PBXFrameworksBuildPhase section */
		9699AA9523D279BA004FA1C1 /* Frameworks */ = {
			isa = PBXFrameworksBuildPhase;
			buildActionMask = 2147483647;
			files = (
				A578F71726043CD6DF9A2DBD /* Pods_FlickrFindr.framework in Frameworks */,
			);
			runOnlyForDeploymentPostprocessing = 0;
		};
		9699AAAE23D279BB004FA1C1 /* Frameworks */ = {
			isa = PBXFrameworksBuildPhase;
			buildActionMask = 2147483647;
			files = (
				8347279A8B55C52826B110E3 /* Pods_FlickrFindrTests.framework in Frameworks */,
			);
			runOnlyForDeploymentPostprocessing = 0;
		};
/* End PBXFrameworksBuildPhase section */

/* Begin PBXGroup section */
		77C795D0B0B4E4AF2FBD201D /* Pods */ = {
			isa = PBXGroup;
			children = (
				76F9E42B5949D3382ACB3CBA /* Pods-FlickrFindr.debug.xcconfig */,
				F3E0F34B2B38D059EDB51488 /* Pods-FlickrFindr.release.xcconfig */,
				23E8975496CA1EEED6B9AE19 /* Pods-FlickrFindrTests.debug.xcconfig */,
				A8DED819ECE3267C2F82AD98 /* Pods-FlickrFindrTests.release.xcconfig */,
			);
			path = Pods;
			sourceTree = "<group>";
		};
		9690D89323D3A5C9007639B3 /* Image Viewing */ = {
			isa = PBXGroup;
			children = (
				9690D89423D3A5EC007639B3 /* FullScreenImageViewController.swift */,
				9690D89523D3A5EC007639B3 /* FullScreenImageViewController.xib */,
			);
			path = "Image Viewing";
			sourceTree = "<group>";
		};
		9690D89A23D3B5E4007639B3 /* Extensions */ = {
			isa = PBXGroup;
			children = (
				9690D89823D3B50A007639B3 /* UIImageView+ImageLoading.swift */,
				96BEF51223D4C83600E1D075 /* UISearchBar+Convenience.swift */,
				96BEF52123D53E4E00E1D075 /* UIView+Convenience.swift */,
			);
			path = Extensions;
			sourceTree = "<group>";
		};
		9699AA8F23D279BA004FA1C1 = {
			isa = PBXGroup;
			children = (
				9699AA9A23D279BA004FA1C1 /* FlickrFindr */,
				9699AAB423D279BB004FA1C1 /* FlickrFindrTests */,
				9699AA9923D279BA004FA1C1 /* Products */,
				77C795D0B0B4E4AF2FBD201D /* Pods */,
				FEDF2989C04684F0ED31301A /* Frameworks */,
			);
			sourceTree = "<group>";
		};
		9699AA9923D279BA004FA1C1 /* Products */ = {
			isa = PBXGroup;
			children = (
				9699AA9823D279BA004FA1C1 /* FlickrFindr.app */,
				9699AAB123D279BB004FA1C1 /* FlickrFindrTests.xctest */,
			);
			name = Products;
			sourceTree = "<group>";
		};
		9699AA9A23D279BA004FA1C1 /* FlickrFindr */ = {
			isa = PBXGroup;
			children = (
				9699AACF23D2978E004FA1C1 /* Utility */,
				9699AA9B23D279BA004FA1C1 /* AppDelegate.swift */,
				9699AAC823D28479004FA1C1 /* Networking */,
				9699AAC623D2844A004FA1C1 /* View Controllers */,
				9699AAC123D2813A004FA1C1 /* Models */,
				9699AAC023D28125004FA1C1 /* Resources */,
				9699AAAC23D279BB004FA1C1 /* Info.plist */,
			);
			path = FlickrFindr;
			sourceTree = "<group>";
		};
		9699AAB423D279BB004FA1C1 /* FlickrFindrTests */ = {
			isa = PBXGroup;
			children = (
				96BEF54823D5817800E1D075 /* Test Utils */,
				96BEF53423D56B1100E1D075 /* Tests */,
				96BEF53323D56AF800E1D075 /* Mocks */,
				9699AAB723D279BB004FA1C1 /* Info.plist */,
				96BEF52A23D566A100E1D075 /* FlickrFindrTests-Bridging-Header.h */,
			);
			path = FlickrFindrTests;
			sourceTree = "<group>";
		};
		9699AAC023D28125004FA1C1 /* Resources */ = {
			isa = PBXGroup;
			children = (
				9699AAA723D279BB004FA1C1 /* Assets.xcassets */,
				9699AAA923D279BB004FA1C1 /* LaunchScreen.storyboard */,
			);
			path = Resources;
			sourceTree = "<group>";
		};
		9699AAC123D2813A004FA1C1 /* Models */ = {
			isa = PBXGroup;
			children = (
				9699AACB23D294F4004FA1C1 /* Photo.swift */,
				96BEF52D23D5696000E1D075 /* PhotosResponse.swift */,
				96BEF52F23D5697800E1D075 /* PhotoPage.swift */,
			);
			path = Models;
			sourceTree = "<group>";
		};
		9699AAC623D2844A004FA1C1 /* View Controllers */ = {
			isa = PBXGroup;
			children = (
				96BEF51423D4C9A100E1D075 /* Search */,
				9690D89323D3A5C9007639B3 /* Image Viewing */,
				9699AAC723D2845B004FA1C1 /* Home */,
			);
			path = "View Controllers";
			sourceTree = "<group>";
		};
		9699AAC723D2845B004FA1C1 /* Home */ = {
			isa = PBXGroup;
			children = (
				9699AAC223D28227004FA1C1 /* HomeViewController.swift */,
				9699AAC323D28227004FA1C1 /* HomeViewController.xib */,
				9690D88D23D36A3D007639B3 /* ThumbnailCell.swift */,
				9690D89123D37EFF007639B3 /* ThumbnailCell.xib */,
			);
			path = Home;
			sourceTree = "<group>";
		};
		9699AAC823D28479004FA1C1 /* Networking */ = {
			isa = PBXGroup;
			children = (
				9699AAC923D28491004FA1C1 /* WebService.swift */,
				9699AACD23D29722004FA1C1 /* WebService+Photos.swift */,
			);
			path = Networking;
			sourceTree = "<group>";
		};
		9699AACF23D2978E004FA1C1 /* Utility */ = {
			isa = PBXGroup;
			children = (
				96BEF52723D54BFE00E1D075 /* Protocols */,
				96BEF52623D5452C00E1D075 /* Data Persistence */,
				96BEF52523D5450A00E1D075 /* View Utilities */,
				9690D89A23D3B5E4007639B3 /* Extensions */,
				9699AAD023D29799004FA1C1 /* Constants.swift */,
			);
			path = Utility;
			sourceTree = "<group>";
		};
		96AD1E0B23D61AB700D61B76 /* Extensions */ = {
			isa = PBXGroup;
			children = (
				96BEF54923D5819E00E1D075 /* XCTest+Wait.swift */,
				96AD1E0523D6102700D61B76 /* UIViewController+ViewLifecycle.swift */,
			);
			path = Extensions;
			sourceTree = "<group>";
		};
		96BEF51423D4C9A100E1D075 /* Search */ = {
			isa = PBXGroup;
			children = (
				96BEF51523D4C9D800E1D075 /* RecentSearchesViewController.swift */,
				96BEF51623D4C9D800E1D075 /* RecentSearchesViewController.xib */,
			);
			path = Search;
			sourceTree = "<group>";
		};
		96BEF52523D5450A00E1D075 /* View Utilities */ = {
			isa = PBXGroup;
			children = (
				96BEF51F23D53CF000E1D075 /* SpinnerView.swift */,
				96BEF52323D542FA00E1D075 /* PinnableView.swift */,
			);
			path = "View Utilities";
			sourceTree = "<group>";
		};
		96BEF52623D5452C00E1D075 /* Data Persistence */ = {
			isa = PBXGroup;
			children = (
				96BEF51923D4EF8C00E1D075 /* UserDefaultsManager.swift */,
			);
			path = "Data Persistence";
			sourceTree = "<group>";
		};
		96BEF52723D54BFE00E1D075 /* Protocols */ = {
			isa = PBXGroup;
			children = (
				96BEF52823D54C0E00E1D075 /* SpinnerShowable.swift */,
			);
			path = Protocols;
			sourceTree = "<group>";
		};
		96BEF53323D56AF800E1D075 /* Mocks */ = {
			isa = PBXGroup;
			children = (
				96BEF53B23D56D6900E1D075 /* Response Json */,
				96BEF53123D56AE000E1D075 /* NetworkMocker.swift */,
				96BEF53723D56C0200E1D075 /* RequestSignature.swift */,
				96BEF53923D56C9C00E1D075 /* NetworkMocker+Photos.swift */,
			);
			path = Mocks;
			sourceTree = "<group>";
		};
		96BEF53423D56B1100E1D075 /* Tests */ = {
			isa = PBXGroup;
			children = (
				96BEF52B23D566A100E1D075 /* UserDefaultsManagerTests.swift */,
				96BEF54023D56F4500E1D075 /* HomeViewControllerTests.swift */,
				96BEF54423D57CB700E1D075 /* RecentSearchesViewControllerTests.swift */,
				96AD1E0723D6121B00D61B76 /* FullScreenImageTests.swift */,
				96AD1E1423D6290D00D61B76 /* PhotoTests.swift */,
				96AD1E1623D629F600D61B76 /* PhotoPageTests.swift */,
			);
			path = Tests;
			sourceTree = "<group>";
		};
		96BEF53B23D56D6900E1D075 /* Response Json */ = {
			isa = PBXGroup;
			children = (
				96AD1E1223D627E600D61B76 /* cat.jpg */,
				96BEF53C23D56D8500E1D075 /* recent_uploads_page1_success.json */,
				96BEF53E23D56E2800E1D075 /* recent_uploads_page2_success.json */,
				96BEF54223D573FB00E1D075 /* search_success.json */,
				96BEF54623D57DDD00E1D075 /* no_results.json */,
			);
			path = "Response Json";
			sourceTree = "<group>";
		};
		96BEF54823D5817800E1D075 /* Test Utils */ = {
			isa = PBXGroup;
			children = (
				96AD1E0B23D61AB700D61B76 /* Extensions */,
				96BEF53523D56B5300E1D075 /* BaseTestCase.swift */,
				96AD1E0923D618AA00D61B76 /* ModelFactory.swift */,
			);
			path = "Test Utils";
			sourceTree = "<group>";
		};
		FEDF2989C04684F0ED31301A /* Frameworks */ = {
			isa = PBXGroup;
			children = (
				AB8AF0F945A2FF110382DD5B /* Pods_FlickrFindr.framework */,
				9C64C96035E62B31F04F67A5 /* Pods_FlickrFindrTests.framework */,
			);
			name = Frameworks;
			sourceTree = "<group>";
		};
/* End PBXGroup section */

/* Begin PBXNativeTarget section */
		9699AA9723D279BA004FA1C1 /* FlickrFindr */ = {
			isa = PBXNativeTarget;
			buildConfigurationList = 9699AABA23D279BB004FA1C1 /* Build configuration list for PBXNativeTarget "FlickrFindr" */;
			buildPhases = (
				BC6F526A50880C59808C8CAF /* [CP] Check Pods Manifest.lock */,
				9699AA9423D279BA004FA1C1 /* Sources */,
				9699AA9523D279BA004FA1C1 /* Frameworks */,
				9699AA9623D279BA004FA1C1 /* Resources */,
			);
			buildRules = (
			);
			dependencies = (
			);
			name = FlickrFindr;
			productName = FlickrFindr;
			productReference = 9699AA9823D279BA004FA1C1 /* FlickrFindr.app */;
			productType = "com.apple.product-type.application";
		};
		9699AAB023D279BB004FA1C1 /* FlickrFindrTests */ = {
			isa = PBXNativeTarget;
			buildConfigurationList = 9699AABD23D279BB004FA1C1 /* Build configuration list for PBXNativeTarget "FlickrFindrTests" */;
			buildPhases = (
				2753AAB1ABB931B4560CCA5F /* [CP] Check Pods Manifest.lock */,
				9699AAAD23D279BB004FA1C1 /* Sources */,
				9699AAAE23D279BB004FA1C1 /* Frameworks */,
				9699AAAF23D279BB004FA1C1 /* Resources */,
				ECE943FCAE8156C3E253E11D /* [CP] Embed Pods Frameworks */,
			);
			buildRules = (
			);
			dependencies = (
				9699AAB323D279BB004FA1C1 /* PBXTargetDependency */,
			);
			name = FlickrFindrTests;
			productName = FlickrFindrTests;
			productReference = 9699AAB123D279BB004FA1C1 /* FlickrFindrTests.xctest */;
			productType = "com.apple.product-type.bundle.unit-test";
		};
/* End PBXNativeTarget section */

/* Begin PBXProject section */
		9699AA9023D279BA004FA1C1 /* Project object */ = {
			isa = PBXProject;
			attributes = {
				LastSwiftUpdateCheck = 1130;
				LastUpgradeCheck = 1130;
				ORGANIZATIONNAME = BevTheDev;
				TargetAttributes = {
					9699AA9723D279BA004FA1C1 = {
						CreatedOnToolsVersion = 11.3;
					};
					9699AAB023D279BB004FA1C1 = {
						CreatedOnToolsVersion = 11.3;
						LastSwiftMigration = 1130;
						TestTargetID = 9699AA9723D279BA004FA1C1;
					};
				};
			};
			buildConfigurationList = 9699AA9323D279BA004FA1C1 /* Build configuration list for PBXProject "FlickrFindr" */;
			compatibilityVersion = "Xcode 9.3";
			developmentRegion = en;
			hasScannedForEncodings = 0;
			knownRegions = (
				en,
				Base,
			);
			mainGroup = 9699AA8F23D279BA004FA1C1;
			productRefGroup = 9699AA9923D279BA004FA1C1 /* Products */;
			projectDirPath = "";
			projectRoot = "";
			targets = (
				9699AA9723D279BA004FA1C1 /* FlickrFindr */,
				9699AAB023D279BB004FA1C1 /* FlickrFindrTests */,
			);
		};
/* End PBXProject section */

/* Begin PBXResourcesBuildPhase section */
		9699AA9623D279BA004FA1C1 /* Resources */ = {
			isa = PBXResourcesBuildPhase;
			buildActionMask = 2147483647;
			files = (
				96BEF51823D4C9D800E1D075 /* RecentSearchesViewController.xib in Resources */,
				9699AAAB23D279BB004FA1C1 /* LaunchScreen.storyboard in Resources */,
				9699AAA823D279BB004FA1C1 /* Assets.xcassets in Resources */,
				9690D89223D37EFF007639B3 /* ThumbnailCell.xib in Resources */,
				9690D89723D3A5EC007639B3 /* FullScreenImageViewController.xib in Resources */,
				9699AAC523D28227004FA1C1 /* HomeViewController.xib in Resources */,
			);
			runOnlyForDeploymentPostprocessing = 0;
		};
		9699AAAF23D279BB004FA1C1 /* Resources */ = {
			isa = PBXResourcesBuildPhase;
			buildActionMask = 2147483647;
			files = (
				96AD1E1323D627E600D61B76 /* cat.jpg in Resources */,
				96BEF53D23D56D8500E1D075 /* recent_uploads_page1_success.json in Resources */,
				96BEF54723D57DDD00E1D075 /* no_results.json in Resources */,
				96BEF53F23D56E2800E1D075 /* recent_uploads_page2_success.json in Resources */,
				96BEF54323D573FB00E1D075 /* search_success.json in Resources */,
			);
			runOnlyForDeploymentPostprocessing = 0;
		};
/* End PBXResourcesBuildPhase section */

/* Begin PBXShellScriptBuildPhase section */
		2753AAB1ABB931B4560CCA5F /* [CP] Check Pods Manifest.lock */ = {
			isa = PBXShellScriptBuildPhase;
			buildActionMask = 2147483647;
			files = (
			);
			inputFileListPaths = (
			);
			inputPaths = (
				"${PODS_PODFILE_DIR_PATH}/Podfile.lock",
				"${PODS_ROOT}/Manifest.lock",
			);
			name = "[CP] Check Pods Manifest.lock";
			outputFileListPaths = (
			);
			outputPaths = (
				"$(DERIVED_FILE_DIR)/Pods-FlickrFindrTests-checkManifestLockResult.txt",
			);
			runOnlyForDeploymentPostprocessing = 0;
			shellPath = /bin/sh;
			shellScript = "diff \"${PODS_PODFILE_DIR_PATH}/Podfile.lock\" \"${PODS_ROOT}/Manifest.lock\" > /dev/null\nif [ $? != 0 ] ; then\n    # print error to STDERR\n    echo \"error: The sandbox is not in sync with the Podfile.lock. Run 'pod install' or update your CocoaPods installation.\" >&2\n    exit 1\nfi\n# This output is used by Xcode 'outputs' to avoid re-running this script phase.\necho \"SUCCESS\" > \"${SCRIPT_OUTPUT_FILE_0}\"\n";
			showEnvVarsInLog = 0;
		};
		BC6F526A50880C59808C8CAF /* [CP] Check Pods Manifest.lock */ = {
			isa = PBXShellScriptBuildPhase;
			buildActionMask = 2147483647;
			files = (
			);
			inputFileListPaths = (
			);
			inputPaths = (
				"${PODS_PODFILE_DIR_PATH}/Podfile.lock",
				"${PODS_ROOT}/Manifest.lock",
			);
			name = "[CP] Check Pods Manifest.lock";
			outputFileListPaths = (
			);
			outputPaths = (
				"$(DERIVED_FILE_DIR)/Pods-FlickrFindr-checkManifestLockResult.txt",
			);
			runOnlyForDeploymentPostprocessing = 0;
			shellPath = /bin/sh;
			shellScript = "diff \"${PODS_PODFILE_DIR_PATH}/Podfile.lock\" \"${PODS_ROOT}/Manifest.lock\" > /dev/null\nif [ $? != 0 ] ; then\n    # print error to STDERR\n    echo \"error: The sandbox is not in sync with the Podfile.lock. Run 'pod install' or update your CocoaPods installation.\" >&2\n    exit 1\nfi\n# This output is used by Xcode 'outputs' to avoid re-running this script phase.\necho \"SUCCESS\" > \"${SCRIPT_OUTPUT_FILE_0}\"\n";
			showEnvVarsInLog = 0;
		};
		ECE943FCAE8156C3E253E11D /* [CP] Embed Pods Frameworks */ = {
			isa = PBXShellScriptBuildPhase;
			buildActionMask = 2147483647;
			files = (
			);
			inputFileListPaths = (
				"${PODS_ROOT}/Target Support Files/Pods-FlickrFindrTests/Pods-FlickrFindrTests-frameworks-${CONFIGURATION}-input-files.xcfilelist",
			);
			name = "[CP] Embed Pods Frameworks";
			outputFileListPaths = (
				"${PODS_ROOT}/Target Support Files/Pods-FlickrFindrTests/Pods-FlickrFindrTests-frameworks-${CONFIGURATION}-output-files.xcfilelist",
			);
			runOnlyForDeploymentPostprocessing = 0;
			shellPath = /bin/sh;
			shellScript = "\"${PODS_ROOT}/Target Support Files/Pods-FlickrFindrTests/Pods-FlickrFindrTests-frameworks.sh\"\n";
			showEnvVarsInLog = 0;
		};
/* End PBXShellScriptBuildPhase section */

/* Begin PBXSourcesBuildPhase section */
		9699AA9423D279BA004FA1C1 /* Sources */ = {
			isa = PBXSourcesBuildPhase;
			buildActionMask = 2147483647;
			files = (
				96BEF52E23D5696000E1D075 /* PhotosResponse.swift in Sources */,
				96BEF53023D5697800E1D075 /* PhotoPage.swift in Sources */,
				96BEF52223D53E4E00E1D075 /* UIView+Convenience.swift in Sources */,
				9699AA9C23D279BA004FA1C1 /* AppDelegate.swift in Sources */,
				96BEF52423D542FA00E1D075 /* PinnableView.swift in Sources */,
				96BEF52023D53CF000E1D075 /* SpinnerView.swift in Sources */,
				96BEF52923D54C0E00E1D075 /* SpinnerShowable.swift in Sources */,
				96BEF51323D4C83600E1D075 /* UISearchBar+Convenience.swift in Sources */,
				96BEF51A23D4EF8C00E1D075 /* UserDefaultsManager.swift in Sources */,
				9690D88F23D36A3D007639B3 /* ThumbnailCell.swift in Sources */,
				9690D89923D3B50A007639B3 /* UIImageView+ImageLoading.swift in Sources */,
				9699AACA23D28491004FA1C1 /* WebService.swift in Sources */,
				9699AAC423D28227004FA1C1 /* HomeViewController.swift in Sources */,
				9699AAD123D29799004FA1C1 /* Constants.swift in Sources */,
				9699AACC23D294F4004FA1C1 /* Photo.swift in Sources */,
				9699AACE23D29723004FA1C1 /* WebService+Photos.swift in Sources */,
				9690D89623D3A5EC007639B3 /* FullScreenImageViewController.swift in Sources */,
				96BEF51723D4C9D800E1D075 /* RecentSearchesViewController.swift in Sources */,
			);
			runOnlyForDeploymentPostprocessing = 0;
		};
		9699AAAD23D279BB004FA1C1 /* Sources */ = {
			isa = PBXSourcesBuildPhase;
			buildActionMask = 2147483647;
			files = (
				96AD1E1523D6290D00D61B76 /* PhotoTests.swift in Sources */,
				96BEF53A23D56C9C00E1D075 /* NetworkMocker+Photos.swift in Sources */,
				96BEF54123D56F4500E1D075 /* HomeViewControllerTests.swift in Sources */,
				96AD1E0823D6121B00D61B76 /* FullScreenImageTests.swift in Sources */,
				96AD1E0A23D618AA00D61B76 /* ModelFactory.swift in Sources */,
				96BEF53823D56C0200E1D075 /* RequestSignature.swift in Sources */,
				96BEF52C23D566A100E1D075 /* UserDefaultsManagerTests.swift in Sources */,
				96BEF53623D56B5400E1D075 /* BaseTestCase.swift in Sources */,
				96BEF54523D57CB700E1D075 /* RecentSearchesViewControllerTests.swift in Sources */,
				96BEF53223D56AE000E1D075 /* NetworkMocker.swift in Sources */,
				96AD1E1723D629F600D61B76 /* PhotoPageTests.swift in Sources */,
				96BEF54A23D5819E00E1D075 /* XCTest+Wait.swift in Sources */,
				96AD1E0623D6102700D61B76 /* UIViewController+ViewLifecycle.swift in Sources */,
			);
			runOnlyForDeploymentPostprocessing = 0;
		};
/* End PBXSourcesBuildPhase section */

/* Begin PBXTargetDependency section */
		9699AAB323D279BB004FA1C1 /* PBXTargetDependency */ = {
			isa = PBXTargetDependency;
			target = 9699AA9723D279BA004FA1C1 /* FlickrFindr */;
			targetProxy = 9699AAB223D279BB004FA1C1 /* PBXContainerItemProxy */;
		};
/* End PBXTargetDependency section */

/* Begin PBXVariantGroup section */
		9699AAA923D279BB004FA1C1 /* LaunchScreen.storyboard */ = {
			isa = PBXVariantGroup;
			children = (
				9699AAAA23D279BB004FA1C1 /* Base */,
			);
			name = LaunchScreen.storyboard;
			sourceTree = "<group>";
		};
/* End PBXVariantGroup section */

/* Begin XCBuildConfiguration section */
		9699AAB823D279BB004FA1C1 /* Debug */ = {
			isa = XCBuildConfiguration;
			buildSettings = {
				ALWAYS_SEARCH_USER_PATHS = NO;
				CLANG_ANALYZER_NONNULL = YES;
				CLANG_ANALYZER_NUMBER_OBJECT_CONVERSION = YES_AGGRESSIVE;
				CLANG_CXX_LANGUAGE_STANDARD = "gnu++14";
				CLANG_CXX_LIBRARY = "libc++";
				CLANG_ENABLE_MODULES = YES;
				CLANG_ENABLE_OBJC_ARC = YES;
				CLANG_ENABLE_OBJC_WEAK = YES;
				CLANG_WARN_BLOCK_CAPTURE_AUTORELEASING = YES;
				CLANG_WARN_BOOL_CONVERSION = YES;
				CLANG_WARN_COMMA = YES;
				CLANG_WARN_CONSTANT_CONVERSION = YES;
				CLANG_WARN_DEPRECATED_OBJC_IMPLEMENTATIONS = YES;
				CLANG_WARN_DIRECT_OBJC_ISA_USAGE = YES_ERROR;
				CLANG_WARN_DOCUMENTATION_COMMENTS = YES;
				CLANG_WARN_EMPTY_BODY = YES;
				CLANG_WARN_ENUM_CONVERSION = YES;
				CLANG_WARN_INFINITE_RECURSION = YES;
				CLANG_WARN_INT_CONVERSION = YES;
				CLANG_WARN_NON_LITERAL_NULL_CONVERSION = YES;
				CLANG_WARN_OBJC_IMPLICIT_RETAIN_SELF = YES;
				CLANG_WARN_OBJC_LITERAL_CONVERSION = YES;
				CLANG_WARN_OBJC_ROOT_CLASS = YES_ERROR;
				CLANG_WARN_RANGE_LOOP_ANALYSIS = YES;
				CLANG_WARN_STRICT_PROTOTYPES = YES;
				CLANG_WARN_SUSPICIOUS_MOVE = YES;
				CLANG_WARN_UNGUARDED_AVAILABILITY = YES_AGGRESSIVE;
				CLANG_WARN_UNREACHABLE_CODE = YES;
				CLANG_WARN__DUPLICATE_METHOD_MATCH = YES;
				COPY_PHASE_STRIP = NO;
				DEBUG_INFORMATION_FORMAT = dwarf;
				ENABLE_STRICT_OBJC_MSGSEND = YES;
				ENABLE_TESTABILITY = YES;
				GCC_C_LANGUAGE_STANDARD = gnu11;
				GCC_DYNAMIC_NO_PIC = NO;
				GCC_NO_COMMON_BLOCKS = YES;
				GCC_OPTIMIZATION_LEVEL = 0;
				GCC_PREPROCESSOR_DEFINITIONS = (
					"DEBUG=1",
					"$(inherited)",
				);
				GCC_WARN_64_TO_32_BIT_CONVERSION = YES;
				GCC_WARN_ABOUT_RETURN_TYPE = YES_ERROR;
				GCC_WARN_UNDECLARED_SELECTOR = YES;
				GCC_WARN_UNINITIALIZED_AUTOS = YES_AGGRESSIVE;
				GCC_WARN_UNUSED_FUNCTION = YES;
				GCC_WARN_UNUSED_VARIABLE = YES;
				IPHONEOS_DEPLOYMENT_TARGET = 13.2;
				MTL_ENABLE_DEBUG_INFO = INCLUDE_SOURCE;
				MTL_FAST_MATH = YES;
				ONLY_ACTIVE_ARCH = YES;
				SDKROOT = iphoneos;
				SWIFT_ACTIVE_COMPILATION_CONDITIONS = DEBUG;
				SWIFT_OPTIMIZATION_LEVEL = "-Onone";
			};
			name = Debug;
		};
		9699AAB923D279BB004FA1C1 /* Release */ = {
			isa = XCBuildConfiguration;
			buildSettings = {
				ALWAYS_SEARCH_USER_PATHS = NO;
				CLANG_ANALYZER_NONNULL = YES;
				CLANG_ANALYZER_NUMBER_OBJECT_CONVERSION = YES_AGGRESSIVE;
				CLANG_CXX_LANGUAGE_STANDARD = "gnu++14";
				CLANG_CXX_LIBRARY = "libc++";
				CLANG_ENABLE_MODULES = YES;
				CLANG_ENABLE_OBJC_ARC = YES;
				CLANG_ENABLE_OBJC_WEAK = YES;
				CLANG_WARN_BLOCK_CAPTURE_AUTORELEASING = YES;
				CLANG_WARN_BOOL_CONVERSION = YES;
				CLANG_WARN_COMMA = YES;
				CLANG_WARN_CONSTANT_CONVERSION = YES;
				CLANG_WARN_DEPRECATED_OBJC_IMPLEMENTATIONS = YES;
				CLANG_WARN_DIRECT_OBJC_ISA_USAGE = YES_ERROR;
				CLANG_WARN_DOCUMENTATION_COMMENTS = YES;
				CLANG_WARN_EMPTY_BODY = YES;
				CLANG_WARN_ENUM_CONVERSION = YES;
				CLANG_WARN_INFINITE_RECURSION = YES;
				CLANG_WARN_INT_CONVERSION = YES;
				CLANG_WARN_NON_LITERAL_NULL_CONVERSION = YES;
				CLANG_WARN_OBJC_IMPLICIT_RETAIN_SELF = YES;
				CLANG_WARN_OBJC_LITERAL_CONVERSION = YES;
				CLANG_WARN_OBJC_ROOT_CLASS = YES_ERROR;
				CLANG_WARN_RANGE_LOOP_ANALYSIS = YES;
				CLANG_WARN_STRICT_PROTOTYPES = YES;
				CLANG_WARN_SUSPICIOUS_MOVE = YES;
				CLANG_WARN_UNGUARDED_AVAILABILITY = YES_AGGRESSIVE;
				CLANG_WARN_UNREACHABLE_CODE = YES;
				CLANG_WARN__DUPLICATE_METHOD_MATCH = YES;
				COPY_PHASE_STRIP = NO;
				DEBUG_INFORMATION_FORMAT = "dwarf-with-dsym";
				ENABLE_NS_ASSERTIONS = NO;
				ENABLE_STRICT_OBJC_MSGSEND = YES;
				GCC_C_LANGUAGE_STANDARD = gnu11;
				GCC_NO_COMMON_BLOCKS = YES;
				GCC_WARN_64_TO_32_BIT_CONVERSION = YES;
				GCC_WARN_ABOUT_RETURN_TYPE = YES_ERROR;
				GCC_WARN_UNDECLARED_SELECTOR = YES;
				GCC_WARN_UNINITIALIZED_AUTOS = YES_AGGRESSIVE;
				GCC_WARN_UNUSED_FUNCTION = YES;
				GCC_WARN_UNUSED_VARIABLE = YES;
				IPHONEOS_DEPLOYMENT_TARGET = 13.2;
				MTL_ENABLE_DEBUG_INFO = NO;
				MTL_FAST_MATH = YES;
				SDKROOT = iphoneos;
				SWIFT_COMPILATION_MODE = wholemodule;
				SWIFT_OPTIMIZATION_LEVEL = "-O";
				VALIDATE_PRODUCT = YES;
			};
			name = Release;
		};
		9699AABB23D279BB004FA1C1 /* Debug */ = {
			isa = XCBuildConfiguration;
			baseConfigurationReference = 76F9E42B5949D3382ACB3CBA /* Pods-FlickrFindr.debug.xcconfig */;
			buildSettings = {
				ASSETCATALOG_COMPILER_APPICON_NAME = AppIcon;
				CODE_SIGN_STYLE = Automatic;
				DEVELOPMENT_TEAM = 4A3LJ9GY5H;
				INFOPLIST_FILE = FlickrFindr/Info.plist;
				LD_RUNPATH_SEARCH_PATHS = (
					"$(inherited)",
					"@executable_path/Frameworks",
				);
				PRODUCT_BUNDLE_IDENTIFIER = com.bevthedev.FlickrFindr;
				PRODUCT_NAME = "$(TARGET_NAME)";
				SWIFT_VERSION = 5.0;
				TARGETED_DEVICE_FAMILY = "1,2";
			};
			name = Debug;
		};
		9699AABC23D279BB004FA1C1 /* Release */ = {
			isa = XCBuildConfiguration;
			baseConfigurationReference = F3E0F34B2B38D059EDB51488 /* Pods-FlickrFindr.release.xcconfig */;
			buildSettings = {
				ASSETCATALOG_COMPILER_APPICON_NAME = AppIcon;
				CODE_SIGN_STYLE = Automatic;
				DEVELOPMENT_TEAM = 4A3LJ9GY5H;
				INFOPLIST_FILE = FlickrFindr/Info.plist;
				LD_RUNPATH_SEARCH_PATHS = (
					"$(inherited)",
					"@executable_path/Frameworks",
				);
				PRODUCT_BUNDLE_IDENTIFIER = com.bevthedev.FlickrFindr;
				PRODUCT_NAME = "$(TARGET_NAME)";
				SWIFT_VERSION = 5.0;
				TARGETED_DEVICE_FAMILY = "1,2";
			};
			name = Release;
		};
		9699AABE23D279BB004FA1C1 /* Debug */ = {
			isa = XCBuildConfiguration;
			baseConfigurationReference = 23E8975496CA1EEED6B9AE19 /* Pods-FlickrFindrTests.debug.xcconfig */;
			buildSettings = {
				ALWAYS_EMBED_SWIFT_STANDARD_LIBRARIES = YES;
				BUNDLE_LOADER = "$(TEST_HOST)";
				CLANG_ENABLE_MODULES = YES;
				CODE_SIGN_STYLE = Automatic;
				DEVELOPMENT_TEAM = 4A3LJ9GY5H;
				INFOPLIST_FILE = FlickrFindrTests/Info.plist;
				IPHONEOS_DEPLOYMENT_TARGET = 13.2;
				LD_RUNPATH_SEARCH_PATHS = (
					"$(inherited)",
					"@executable_path/Frameworks",
					"@loader_path/Frameworks",
				);
				PRODUCT_BUNDLE_IDENTIFIER = com.bevthedev.FlickrFindrTests;
				PRODUCT_NAME = "$(TARGET_NAME)";
				SWIFT_OBJC_BRIDGING_HEADER = "FlickrFindrTests/FlickrFindrTests-Bridging-Header.h";
				SWIFT_OPTIMIZATION_LEVEL = "-Onone";
				SWIFT_VERSION = 5.0;
				TARGETED_DEVICE_FAMILY = "1,2";
				TEST_HOST = "$(BUILT_PRODUCTS_DIR)/FlickrFindr.app/FlickrFindr";
			};
			name = Debug;
		};
		9699AABF23D279BB004FA1C1 /* Release */ = {
			isa = XCBuildConfiguration;
			baseConfigurationReference = A8DED819ECE3267C2F82AD98 /* Pods-FlickrFindrTests.release.xcconfig */;
			buildSettings = {
				ALWAYS_EMBED_SWIFT_STANDARD_LIBRARIES = YES;
				BUNDLE_LOADER = "$(TEST_HOST)";
				CLANG_ENABLE_MODULES = YES;
				CODE_SIGN_STYLE = Automatic;
				DEVELOPMENT_TEAM = 4A3LJ9GY5H;
				INFOPLIST_FILE = FlickrFindrTests/Info.plist;
				IPHONEOS_DEPLOYMENT_TARGET = 13.2;
				LD_RUNPATH_SEARCH_PATHS = (
					"$(inherited)",
					"@executable_path/Frameworks",
					"@loader_path/Frameworks",
				);
				PRODUCT_BUNDLE_IDENTIFIER = com.bevthedev.FlickrFindrTests;
				PRODUCT_NAME = "$(TARGET_NAME)";
				SWIFT_OBJC_BRIDGING_HEADER = "FlickrFindrTests/FlickrFindrTests-Bridging-Header.h";
				SWIFT_VERSION = 5.0;
				TARGETED_DEVICE_FAMILY = "1,2";
				TEST_HOST = "$(BUILT_PRODUCTS_DIR)/FlickrFindr.app/FlickrFindr";
			};
			name = Release;
		};
/* End XCBuildConfiguration section */

/* Begin XCConfigurationList section */
		9699AA9323D279BA004FA1C1 /* Build configuration list for PBXProject "FlickrFindr" */ = {
			isa = XCConfigurationList;
			buildConfigurations = (
				9699AAB823D279BB004FA1C1 /* Debug */,
				9699AAB923D279BB004FA1C1 /* Release */,
			);
			defaultConfigurationIsVisible = 0;
			defaultConfigurationName = Release;
		};
		9699AABA23D279BB004FA1C1 /* Build configuration list for PBXNativeTarget "FlickrFindr" */ = {
			isa = XCConfigurationList;
			buildConfigurations = (
				9699AABB23D279BB004FA1C1 /* Debug */,
				9699AABC23D279BB004FA1C1 /* Release */,
			);
			defaultConfigurationIsVisible = 0;
			defaultConfigurationName = Release;
		};
		9699AABD23D279BB004FA1C1 /* Build configuration list for PBXNativeTarget "FlickrFindrTests" */ = {
			isa = XCConfigurationList;
			buildConfigurations = (
				9699AABE23D279BB004FA1C1 /* Debug */,
				9699AABF23D279BB004FA1C1 /* Release */,
			);
			defaultConfigurationIsVisible = 0;
			defaultConfigurationName = Release;
		};
/* End XCConfigurationList section */
	};
	rootObject = 9699AA9023D279BA004FA1C1 /* Project object */;
}
